PODS:
  - NVActivityIndicatorView (4.8.0):
    - NVActivityIndicatorView/Presenter (= 4.8.0)
  - NVActivityIndicatorView/Presenter (4.8.0)
  - TensorFlowLiteC (2.1.0)
  - TensorFlowLiteSwift (2.1.0):
    - TensorFlowLiteC (= 2.1.0)

DEPENDENCIES:
  - NVActivityIndicatorView
  - TensorFlowLiteSwift

SPEC REPOS:
  trunk:
    - NVActivityIndicatorView
    - TensorFlowLiteC
    - TensorFlowLiteSwift

SPEC CHECKSUMS:
  NVActivityIndicatorView: d24b7ebcf80af5dcd994adb650e2b6c93379270f
  TensorFlowLiteC: 215603d4426d93810eace5947e317389554a4b66
  TensorFlowLiteSwift: 9d8137f18d5ac30ca89bba4fbe118e0949ac5743

PODFILE CHECKSUM: a75501bf63677883bfd7b27db7c0b5b6b9bc9af9

COCOAPODS: 1.9.0.beta.2
